// !$*UTF8*$!
{
	archiveVersion = 1;
	classes = {
	};
	objectVersion = 48;
	objects = {

/* Begin PBXBuildFile section */
		010D073D1FA3B1450013375F /* UserController.swift in Sources */ = {isa = PBXBuildFile; fileRef = 010D073C1FA3B1450013375F /* UserController.swift */; };
		010D07401FA3B63F0013375F /* CloudKitManager.swift in Sources */ = {isa = PBXBuildFile; fileRef = 010D073F1FA3B63F0013375F /* CloudKitManager.swift */; };
		011A54C11FBBF3FB00564902 /* CommentDelegate.swift in Sources */ = {isa = PBXBuildFile; fileRef = 011A54C01FBBF3FB00564902 /* CommentDelegate.swift */; };
		012B46321FC641CA00D31809 /* LocationHelper.swift in Sources */ = {isa = PBXBuildFile; fileRef = 012B46311FC641CA00D31809 /* LocationHelper.swift */; };
		012B46361FC647A200D31809 /* Location.swift in Sources */ = {isa = PBXBuildFile; fileRef = 012B46351FC647A200D31809 /* Location.swift */; };
		01367B9F1FAE6A8200F51F89 /* LogInViewController.swift in Sources */ = {isa = PBXBuildFile; fileRef = 01367B9E1FAE6A8100F51F89 /* LogInViewController.swift */; };
		01367BA21FAE6D7A00F51F89 /* Theme.swift in Sources */ = {isa = PBXBuildFile; fileRef = 01367BA11FAE6D7A00F51F89 /* Theme.swift */; };
		01367BA41FAE8AB400F51F89 /* PostController.swift in Sources */ = {isa = PBXBuildFile; fileRef = 01367BA31FAE8AB400F51F89 /* PostController.swift */; };
		01367BA71FAFA71100F51F89 /* Constatns.swift in Sources */ = {isa = PBXBuildFile; fileRef = 01367BA61FAFA71100F51F89 /* Constatns.swift */; };
		01367BD51FB10F5500F51F89 /* FeedTableViewController.swift in Sources */ = {isa = PBXBuildFile; fileRef = 01367BD41FB10F5500F51F89 /* FeedTableViewController.swift */; };
		01367BD71FB10FD100F51F89 /* FeedTableViewCell.swift in Sources */ = {isa = PBXBuildFile; fileRef = 01367BD61FB10FD100F51F89 /* FeedTableViewCell.swift */; };
		01367BDA1FB1142E00F51F89 /* CommentTableViewController.swift in Sources */ = {isa = PBXBuildFile; fileRef = 01367BD91FB1142E00F51F89 /* CommentTableViewController.swift */; };
		01367BDC1FB114A000F51F89 /* CommentTableViewCell.swift in Sources */ = {isa = PBXBuildFile; fileRef = 01367BDB1FB114A000F51F89 /* CommentTableViewCell.swift */; };
		01367BDE1FB1180E00F51F89 /* CameraViewController.swift in Sources */ = {isa = PBXBuildFile; fileRef = 01367BDD1FB1180E00F51F89 /* CameraViewController.swift */; };
		01367BE01FB1181A00F51F89 /* CameraPreviewViewController.swift in Sources */ = {isa = PBXBuildFile; fileRef = 01367BDF1FB1181A00F51F89 /* CameraPreviewViewController.swift */; };
		01367C481FB3839100F51F89 /* TimeTracker.swift in Sources */ = {isa = PBXBuildFile; fileRef = 01367C471FB3839100F51F89 /* TimeTracker.swift */; };
		01367C4A1FB3869C00F51F89 /* TimerExtension.swift in Sources */ = {isa = PBXBuildFile; fileRef = 01367C491FB3869C00F51F89 /* TimerExtension.swift */; };
		01367C4C1FB3C27E00F51F89 /* CloudKitSyncable.swift in Sources */ = {isa = PBXBuildFile; fileRef = 01367C4B1FB3C27E00F51F89 /* CloudKitSyncable.swift */; };
		013E31FF2021762B004B725E /* SecondPageViewController.swift in Sources */ = {isa = PBXBuildFile; fileRef = 013E31FE2021762B004B725E /* SecondPageViewController.swift */; };
		013E32012021764F004B725E /* ThridPageViewController.swift in Sources */ = {isa = PBXBuildFile; fileRef = 013E32002021764F004B725E /* ThridPageViewController.swift */; };
		0144722D1FBA5C4400510AB3 /* DateFormatter.swift in Sources */ = {isa = PBXBuildFile; fileRef = 0144722C1FBA5C4400510AB3 /* DateFormatter.swift */; };
		0146C49F1FC0BDC200DEA332 /* AlertExtension.swift in Sources */ = {isa = PBXBuildFile; fileRef = 0146C49E1FC0BDC200DEA332 /* AlertExtension.swift */; };
		0149161B1FDEFEBF00580689 /* ProfileDetailCollectionViewCell.swift in Sources */ = {isa = PBXBuildFile; fileRef = 0149161A1FDEFEBF00580689 /* ProfileDetailCollectionViewCell.swift */; };
		015221D01FD9F81B00E9C5DB /* ProfileDetailTableViewController.swift in Sources */ = {isa = PBXBuildFile; fileRef = 015221CF1FD9F81B00E9C5DB /* ProfileDetailTableViewController.swift */; };
		0156CE111FA2B268002791C1 /* AppDelegate.swift in Sources */ = {isa = PBXBuildFile; fileRef = 0156CE101FA2B268002791C1 /* AppDelegate.swift */; };
		0156CE181FA2B268002791C1 /* Assets.xcassets in Resources */ = {isa = PBXBuildFile; fileRef = 0156CE171FA2B268002791C1 /* Assets.xcassets */; };
		0156CE1B1FA2B268002791C1 /* LaunchScreen.storyboard in Resources */ = {isa = PBXBuildFile; fileRef = 0156CE191FA2B268002791C1 /* LaunchScreen.storyboard */; };
		0156CE241FA2B52C002791C1 /* Main.storyboard in Resources */ = {isa = PBXBuildFile; fileRef = 0156CE231FA2B52C002791C1 /* Main.storyboard */; };
		016CAAA62000159C008420AC /* LaunchViewController.swift in Sources */ = {isa = PBXBuildFile; fileRef = 016CAAA52000159B008420AC /* LaunchViewController.swift */; };
		016CAAAC20019EA0008420AC /* ProfileCommentTableViewController.swift in Sources */ = {isa = PBXBuildFile; fileRef = 016CAAAB20019EA0008420AC /* ProfileCommentTableViewController.swift */; };
		016CAAAE20019F1F008420AC /* ProfileCommentTableViewCell.swift in Sources */ = {isa = PBXBuildFile; fileRef = 016CAAAD20019F1F008420AC /* ProfileCommentTableViewCell.swift */; };
		0181AA571FCC814500166E21 /* AboutViewController.swift in Sources */ = {isa = PBXBuildFile; fileRef = 0181AA561FCC814500166E21 /* AboutViewController.swift */; };
		0181AA591FCC8A9400166E21 /* Terms.html in Resources */ = {isa = PBXBuildFile; fileRef = 0181AA581FCC8A9400166E21 /* Terms.html */; };
		018D7A6F1FA2B63200A6C81F /* CloudKit.framework in Frameworks */ = {isa = PBXBuildFile; fileRef = 018D7A6E1FA2B63200A6C81F /* CloudKit.framework */; };
		019B2E7920258A5B00C2BDB0 /* ImageTheme.swift in Sources */ = {isa = PBXBuildFile; fileRef = 019B2E7820258A5B00C2BDB0 /* ImageTheme.swift */; };
		019B2E7B20268EAE00C2BDB0 /* Report.swift in Sources */ = {isa = PBXBuildFile; fileRef = 019B2E7A20268EAE00C2BDB0 /* Report.swift */; };
		019B2E7D20268F4A00C2BDB0 /* ReportController.swift in Sources */ = {isa = PBXBuildFile; fileRef = 019B2E7C20268F4A00C2BDB0 /* ReportController.swift */; };
		01BC3E001FBE1058001FFFDB /* IconTextField.swift in Sources */ = {isa = PBXBuildFile; fileRef = 01BC3DFF1FBE1058001FFFDB /* IconTextField.swift */; };
		01BFDEC91FC372D600D94B87 /* ProfileViewController.swift in Sources */ = {isa = PBXBuildFile; fileRef = 01BFDEC81FC372D600D94B87 /* ProfileViewController.swift */; };
		01BFDECD1FC39A8200D94B87 /* POCKC___.TTF in Resources */ = {isa = PBXBuildFile; fileRef = 01BFDECB1FC39A8000D94B87 /* POCKC___.TTF */; };
		01BFDED11FC5F81A00D94B87 /* PublicMethods.swift in Sources */ = {isa = PBXBuildFile; fileRef = 01BFDED01FC5F81A00D94B87 /* PublicMethods.swift */; };
		01D7B7931FE0548100DCD159 /* ProfileDetail2TableViewController.swift in Sources */ = {isa = PBXBuildFile; fileRef = 01D7B7921FE0548100DCD159 /* ProfileDetail2TableViewController.swift */; };
		01D7B7951FE054F700DCD159 /* ProfileDetail2CollectionViewCell.swift in Sources */ = {isa = PBXBuildFile; fileRef = 01D7B7941FE054F700DCD159 /* ProfileDetail2CollectionViewCell.swift */; };
		01EDC8D2201CEA2C0085D2BD /* EulaAgreementViewController.swift in Sources */ = {isa = PBXBuildFile; fileRef = 01EDC8D1201CEA2C0085D2BD /* EulaAgreementViewController.swift */; };
		01EDC8D4201E56570085D2BD /* FirstPageViewController.swift in Sources */ = {isa = PBXBuildFile; fileRef = 01EDC8D3201E56570085D2BD /* FirstPageViewController.swift */; };
		01EDC8DA201E57130085D2BD /* Onboarding.swift in Sources */ = {isa = PBXBuildFile; fileRef = 01EDC8D9201E57130085D2BD /* Onboarding.swift */; };
		01EDC8DD201E57880085D2BD /* OnboardingState.swift in Sources */ = {isa = PBXBuildFile; fileRef = 01EDC8DC201E57880085D2BD /* OnboardingState.swift */; };
		01EDC8E0201E58DF0085D2BD /* SegueHandling.swift in Sources */ = {isa = PBXBuildFile; fileRef = 01EDC8DF201E58DF0085D2BD /* SegueHandling.swift */; };
		01EDC8E2201E59030085D2BD /* StoryboardInitializable.swift in Sources */ = {isa = PBXBuildFile; fileRef = 01EDC8E1201E59030085D2BD /* StoryboardInitializable.swift */; };
		01EDC8E8201E5AFA0085D2BD /* PermissionViewController.swift in Sources */ = {isa = PBXBuildFile; fileRef = 01EDC8E7201E5AFA0085D2BD /* PermissionViewController.swift */; };
		01EDC8EA201E64E30085D2BD /* Onboarding.storyboard in Resources */ = {isa = PBXBuildFile; fileRef = 01EDC8E9201E64E30085D2BD /* Onboarding.storyboard */; };
		01FE0D0F1FA2BABC001C55EE /* User.swift in Sources */ = {isa = PBXBuildFile; fileRef = 01FE0D0E1FA2BABC001C55EE /* User.swift */; };
		01FE0D111FA2BB35001C55EE /* Post.swift in Sources */ = {isa = PBXBuildFile; fileRef = 01FE0D101FA2BB35001C55EE /* Post.swift */; };
		01FE0D131FA2BB4C001C55EE /* Comment.swift in Sources */ = {isa = PBXBuildFile; fileRef = 01FE0D121FA2BB4C001C55EE /* Comment.swift */; };
/* End PBXBuildFile section */

/* Begin PBXFileReference section */
		010D073C1FA3B1450013375F /* UserController.swift */ = {isa = PBXFileReference; lastKnownFileType = sourcecode.swift; path = UserController.swift; sourceTree = "<group>"; };
		010D073F1FA3B63F0013375F /* CloudKitManager.swift */ = {isa = PBXFileReference; lastKnownFileType = sourcecode.swift; path = CloudKitManager.swift; sourceTree = "<group>"; };
		011A54C01FBBF3FB00564902 /* CommentDelegate.swift */ = {isa = PBXFileReference; lastKnownFileType = sourcecode.swift; path = CommentDelegate.swift; sourceTree = "<group>"; };
		012B46311FC641CA00D31809 /* LocationHelper.swift */ = {isa = PBXFileReference; lastKnownFileType = sourcecode.swift; path = LocationHelper.swift; sourceTree = "<group>"; };
		012B46351FC647A200D31809 /* Location.swift */ = {isa = PBXFileReference; lastKnownFileType = sourcecode.swift; path = Location.swift; sourceTree = "<group>"; };
		01367B9E1FAE6A8100F51F89 /* LogInViewController.swift */ = {isa = PBXFileReference; fileEncoding = 4; lastKnownFileType = sourcecode.swift; path = LogInViewController.swift; sourceTree = "<group>"; };
		01367BA11FAE6D7A00F51F89 /* Theme.swift */ = {isa = PBXFileReference; lastKnownFileType = sourcecode.swift; path = Theme.swift; sourceTree = "<group>"; };
		01367BA31FAE8AB400F51F89 /* PostController.swift */ = {isa = PBXFileReference; lastKnownFileType = sourcecode.swift; path = PostController.swift; sourceTree = "<group>"; };
		01367BA61FAFA71100F51F89 /* Constatns.swift */ = {isa = PBXFileReference; lastKnownFileType = sourcecode.swift; path = Constatns.swift; sourceTree = "<group>"; };
		01367BD41FB10F5500F51F89 /* FeedTableViewController.swift */ = {isa = PBXFileReference; lastKnownFileType = sourcecode.swift; path = FeedTableViewController.swift; sourceTree = "<group>"; };
		01367BD61FB10FD100F51F89 /* FeedTableViewCell.swift */ = {isa = PBXFileReference; lastKnownFileType = sourcecode.swift; path = FeedTableViewCell.swift; sourceTree = "<group>"; };
		01367BD91FB1142E00F51F89 /* CommentTableViewController.swift */ = {isa = PBXFileReference; lastKnownFileType = sourcecode.swift; path = CommentTableViewController.swift; sourceTree = "<group>"; };
		01367BDB1FB114A000F51F89 /* CommentTableViewCell.swift */ = {isa = PBXFileReference; lastKnownFileType = sourcecode.swift; path = CommentTableViewCell.swift; sourceTree = "<group>"; };
		01367BDD1FB1180E00F51F89 /* CameraViewController.swift */ = {isa = PBXFileReference; lastKnownFileType = sourcecode.swift; path = CameraViewController.swift; sourceTree = "<group>"; };
		01367BDF1FB1181A00F51F89 /* CameraPreviewViewController.swift */ = {isa = PBXFileReference; lastKnownFileType = sourcecode.swift; path = CameraPreviewViewController.swift; sourceTree = "<group>"; };
		01367C471FB3839100F51F89 /* TimeTracker.swift */ = {isa = PBXFileReference; lastKnownFileType = sourcecode.swift; path = TimeTracker.swift; sourceTree = "<group>"; };
		01367C491FB3869C00F51F89 /* TimerExtension.swift */ = {isa = PBXFileReference; lastKnownFileType = sourcecode.swift; path = TimerExtension.swift; sourceTree = "<group>"; };
		01367C4B1FB3C27E00F51F89 /* CloudKitSyncable.swift */ = {isa = PBXFileReference; lastKnownFileType = sourcecode.swift; path = CloudKitSyncable.swift; sourceTree = "<group>"; };
		013E31FE2021762B004B725E /* SecondPageViewController.swift */ = {isa = PBXFileReference; lastKnownFileType = sourcecode.swift; path = SecondPageViewController.swift; sourceTree = "<group>"; };
		013E32002021764F004B725E /* ThridPageViewController.swift */ = {isa = PBXFileReference; lastKnownFileType = sourcecode.swift; path = ThridPageViewController.swift; sourceTree = "<group>"; };
		0144722C1FBA5C4400510AB3 /* DateFormatter.swift */ = {isa = PBXFileReference; lastKnownFileType = sourcecode.swift; path = DateFormatter.swift; sourceTree = "<group>"; };
		0146C49E1FC0BDC200DEA332 /* AlertExtension.swift */ = {isa = PBXFileReference; lastKnownFileType = sourcecode.swift; path = AlertExtension.swift; sourceTree = "<group>"; };
		0149161A1FDEFEBF00580689 /* ProfileDetailCollectionViewCell.swift */ = {isa = PBXFileReference; lastKnownFileType = sourcecode.swift; path = ProfileDetailCollectionViewCell.swift; sourceTree = "<group>"; };
		015221CF1FD9F81B00E9C5DB /* ProfileDetailTableViewController.swift */ = {isa = PBXFileReference; lastKnownFileType = sourcecode.swift; path = ProfileDetailTableViewController.swift; sourceTree = "<group>"; };
		0156CE0D1FA2B268002791C1 /* 12a.m..app */ = {isa = PBXFileReference; explicitFileType = wrapper.application; includeInIndex = 0; path = 12a.m..app; sourceTree = BUILT_PRODUCTS_DIR; };
		0156CE101FA2B268002791C1 /* AppDelegate.swift */ = {isa = PBXFileReference; lastKnownFileType = sourcecode.swift; path = AppDelegate.swift; sourceTree = "<group>"; };
		0156CE171FA2B268002791C1 /* Assets.xcassets */ = {isa = PBXFileReference; lastKnownFileType = folder.assetcatalog; path = Assets.xcassets; sourceTree = "<group>"; };
		0156CE1A1FA2B268002791C1 /* Base */ = {isa = PBXFileReference; lastKnownFileType = file.storyboard; name = Base; path = Base.lproj/LaunchScreen.storyboard; sourceTree = "<group>"; };
		0156CE1C1FA2B268002791C1 /* Info.plist */ = {isa = PBXFileReference; lastKnownFileType = text.plist.xml; path = Info.plist; sourceTree = "<group>"; };
		0156CE231FA2B52C002791C1 /* Main.storyboard */ = {isa = PBXFileReference; lastKnownFileType = file.storyboard; path = Main.storyboard; sourceTree = "<group>"; };
		016CAAA52000159B008420AC /* LaunchViewController.swift */ = {isa = PBXFileReference; lastKnownFileType = sourcecode.swift; path = LaunchViewController.swift; sourceTree = "<group>"; };
		016CAAAB20019EA0008420AC /* ProfileCommentTableViewController.swift */ = {isa = PBXFileReference; lastKnownFileType = sourcecode.swift; path = ProfileCommentTableViewController.swift; sourceTree = "<group>"; };
		016CAAAD20019F1F008420AC /* ProfileCommentTableViewCell.swift */ = {isa = PBXFileReference; lastKnownFileType = sourcecode.swift; path = ProfileCommentTableViewCell.swift; sourceTree = "<group>"; };
		0181AA561FCC814500166E21 /* AboutViewController.swift */ = {isa = PBXFileReference; lastKnownFileType = sourcecode.swift; path = AboutViewController.swift; sourceTree = "<group>"; };
		0181AA581FCC8A9400166E21 /* Terms.html */ = {isa = PBXFileReference; fileEncoding = 4; lastKnownFileType = text.html; path = Terms.html; sourceTree = "<group>"; };
		018D7A6C1FA2B63000A6C81F /* 12a.m..entitlements */ = {isa = PBXFileReference; lastKnownFileType = text.plist.entitlements; path = 12a.m..entitlements; sourceTree = "<group>"; };
		018D7A6E1FA2B63200A6C81F /* CloudKit.framework */ = {isa = PBXFileReference; lastKnownFileType = wrapper.framework; name = CloudKit.framework; path = System/Library/Frameworks/CloudKit.framework; sourceTree = SDKROOT; };
		019B2E7820258A5B00C2BDB0 /* ImageTheme.swift */ = {isa = PBXFileReference; lastKnownFileType = sourcecode.swift; path = ImageTheme.swift; sourceTree = "<group>"; };
		019B2E7A20268EAE00C2BDB0 /* Report.swift */ = {isa = PBXFileReference; lastKnownFileType = sourcecode.swift; path = Report.swift; sourceTree = "<group>"; };
		019B2E7C20268F4A00C2BDB0 /* ReportController.swift */ = {isa = PBXFileReference; lastKnownFileType = sourcecode.swift; path = ReportController.swift; sourceTree = "<group>"; };
		01BC3DFF1FBE1058001FFFDB /* IconTextField.swift */ = {isa = PBXFileReference; lastKnownFileType = sourcecode.swift; path = IconTextField.swift; sourceTree = "<group>"; };
		01BFDEC81FC372D600D94B87 /* ProfileViewController.swift */ = {isa = PBXFileReference; lastKnownFileType = sourcecode.swift; path = ProfileViewController.swift; sourceTree = "<group>"; };
		01BFDECB1FC39A8000D94B87 /* POCKC___.TTF */ = {isa = PBXFileReference; lastKnownFileType = file; path = "POCKC___.TTF"; sourceTree = "<group>"; };
		01BFDED01FC5F81A00D94B87 /* PublicMethods.swift */ = {isa = PBXFileReference; lastKnownFileType = sourcecode.swift; path = PublicMethods.swift; sourceTree = "<group>"; };
		01D7B7921FE0548100DCD159 /* ProfileDetail2TableViewController.swift */ = {isa = PBXFileReference; lastKnownFileType = sourcecode.swift; path = ProfileDetail2TableViewController.swift; sourceTree = "<group>"; };
		01D7B7941FE054F700DCD159 /* ProfileDetail2CollectionViewCell.swift */ = {isa = PBXFileReference; lastKnownFileType = sourcecode.swift; path = ProfileDetail2CollectionViewCell.swift; sourceTree = "<group>"; };
		01EDC8D1201CEA2C0085D2BD /* EulaAgreementViewController.swift */ = {isa = PBXFileReference; lastKnownFileType = sourcecode.swift; path = EulaAgreementViewController.swift; sourceTree = "<group>"; };
		01EDC8D3201E56570085D2BD /* FirstPageViewController.swift */ = {isa = PBXFileReference; lastKnownFileType = sourcecode.swift; path = FirstPageViewController.swift; sourceTree = "<group>"; };
		01EDC8D9201E57130085D2BD /* Onboarding.swift */ = {isa = PBXFileReference; lastKnownFileType = sourcecode.swift; path = Onboarding.swift; sourceTree = "<group>"; };
		01EDC8DC201E57880085D2BD /* OnboardingState.swift */ = {isa = PBXFileReference; lastKnownFileType = sourcecode.swift; path = OnboardingState.swift; sourceTree = "<group>"; };
		01EDC8DF201E58DF0085D2BD /* SegueHandling.swift */ = {isa = PBXFileReference; lastKnownFileType = sourcecode.swift; path = SegueHandling.swift; sourceTree = "<group>"; };
		01EDC8E1201E59030085D2BD /* StoryboardInitializable.swift */ = {isa = PBXFileReference; lastKnownFileType = sourcecode.swift; path = StoryboardInitializable.swift; sourceTree = "<group>"; };
		01EDC8E7201E5AFA0085D2BD /* PermissionViewController.swift */ = {isa = PBXFileReference; lastKnownFileType = sourcecode.swift; path = PermissionViewController.swift; sourceTree = "<group>"; };
		01EDC8E9201E64E30085D2BD /* Onboarding.storyboard */ = {isa = PBXFileReference; lastKnownFileType = file.storyboard; path = Onboarding.storyboard; sourceTree = "<group>"; };
		01FE0D0E1FA2BABC001C55EE /* User.swift */ = {isa = PBXFileReference; lastKnownFileType = sourcecode.swift; path = User.swift; sourceTree = "<group>"; };
		01FE0D101FA2BB35001C55EE /* Post.swift */ = {isa = PBXFileReference; lastKnownFileType = sourcecode.swift; path = Post.swift; sourceTree = "<group>"; };
		01FE0D121FA2BB4C001C55EE /* Comment.swift */ = {isa = PBXFileReference; lastKnownFileType = sourcecode.swift; path = Comment.swift; sourceTree = "<group>"; };
/* End PBXFileReference section */

/* Begin PBXFrameworksBuildPhase section */
		0156CE0A1FA2B268002791C1 /* Frameworks */ = {
			isa = PBXFrameworksBuildPhase;
			buildActionMask = 2147483647;
			files = (
				018D7A6F1FA2B63200A6C81F /* CloudKit.framework in Frameworks */,
			);
			runOnlyForDeploymentPostprocessing = 0;
		};
/* End PBXFrameworksBuildPhase section */

/* Begin PBXGroup section */
		010D073E1FA3B2B70013375F /* Helper Files */ = {
			isa = PBXGroup;
			children = (
				01EDC8DE201E58CA0085D2BD /* Infrastructure */,
				01EDC8DB201E57770085D2BD /* State */,
				012B46301FC641B100D31809 /* Location Helper */,
				01BFDECF1FC5F80400D94B87 /* Public */,
				0146C49D1FC0BDA000DEA332 /* AlertExtension */,
				014472271FB69BC100510AB3 /* Date Helper */,
				01367BA01FAE6D6300F51F89 /* Theme */,
				01367BA61FAFA71100F51F89 /* Constatns.swift */,
				01367C461FB3836800F51F89 /* Time Tacker */,
			);
			path = "Helper Files";
			sourceTree = "<group>";
		};
		012B46301FC641B100D31809 /* Location Helper */ = {
			isa = PBXGroup;
			children = (
				012B46311FC641CA00D31809 /* LocationHelper.swift */,
			);
			path = "Location Helper";
			sourceTree = "<group>";
		};
		01367BA01FAE6D6300F51F89 /* Theme */ = {
			isa = PBXGroup;
			children = (
				01367BA11FAE6D7A00F51F89 /* Theme.swift */,
				01BC3DFF1FBE1058001FFFDB /* IconTextField.swift */,
				019B2E7820258A5B00C2BDB0 /* ImageTheme.swift */,
			);
			path = Theme;
			sourceTree = "<group>";
		};
		01367BA51FAE8AD400F51F89 /* Managers */ = {
			isa = PBXGroup;
			children = (
				010D073F1FA3B63F0013375F /* CloudKitManager.swift */,
			);
			path = Managers;
			sourceTree = "<group>";
		};
		01367BD81FB10FD800F51F89 /* Cells */ = {
			isa = PBXGroup;
			children = (
				01367BD61FB10FD100F51F89 /* FeedTableViewCell.swift */,
				01367BDB1FB114A000F51F89 /* CommentTableViewCell.swift */,
				016CAAAD20019F1F008420AC /* ProfileCommentTableViewCell.swift */,
				0149161A1FDEFEBF00580689 /* ProfileDetailCollectionViewCell.swift */,
				01D7B7941FE054F700DCD159 /* ProfileDetail2CollectionViewCell.swift */,
			);
			path = Cells;
			sourceTree = "<group>";
		};
		01367C461FB3836800F51F89 /* Time Tacker */ = {
			isa = PBXGroup;
			children = (
				01367C471FB3839100F51F89 /* TimeTracker.swift */,
				01367C491FB3869C00F51F89 /* TimerExtension.swift */,
			);
			path = "Time Tacker";
			sourceTree = "<group>";
		};
		01367C4D1FB3C29800F51F89 /* Protocols */ = {
			isa = PBXGroup;
			children = (
				01367C4B1FB3C27E00F51F89 /* CloudKitSyncable.swift */,
				011A54C01FBBF3FB00564902 /* CommentDelegate.swift */,
			);
			path = Protocols;
			sourceTree = "<group>";
		};
		014472271FB69BC100510AB3 /* Date Helper */ = {
			isa = PBXGroup;
			children = (
				0144722C1FBA5C4400510AB3 /* DateFormatter.swift */,
			);
			path = "Date Helper";
			sourceTree = "<group>";
		};
		0146C49B1FC0BD1800DEA332 /* Views */ = {
			isa = PBXGroup;
			children = (
				018D7A721FA2B68600A6C81F /* UI */,
				01367BD81FB10FD800F51F89 /* Cells */,
			);
			path = Views;
			sourceTree = "<group>";
		};
		0146C49C1FC0BD3D00DEA332 /* Controllers */ = {
			isa = PBXGroup;
			children = (
				01EDC8C0201C29230085D2BD /* PageController */,
				018D7A711FA2B67400A6C81F /* ViewControllers */,
				018D7A731FA2B69000A6C81F /* Model Controllers */,
			);
			path = Controllers;
			sourceTree = "<group>";
		};
		0146C49D1FC0BDA000DEA332 /* AlertExtension */ = {
			isa = PBXGroup;
			children = (
				0146C49E1FC0BDC200DEA332 /* AlertExtension.swift */,
			);
			path = AlertExtension;
			sourceTree = "<group>";
		};
		0156CE041FA2B268002791C1 = {
			isa = PBXGroup;
			children = (
				0156CE0F1FA2B268002791C1 /* 12a.m. */,
				0156CE0E1FA2B268002791C1 /* Products */,
				018D7A6D1FA2B63200A6C81F /* Frameworks */,
			);
			sourceTree = "<group>";
		};
		0156CE0E1FA2B268002791C1 /* Products */ = {
			isa = PBXGroup;
			children = (
				0156CE0D1FA2B268002791C1 /* 12a.m..app */,
			);
			name = Products;
			sourceTree = "<group>";
		};
		0156CE0F1FA2B268002791C1 /* 12a.m. */ = {
			isa = PBXGroup;
			children = (
				018D7A6C1FA2B63000A6C81F /* 12a.m..entitlements */,
				0146C49B1FC0BD1800DEA332 /* Views */,
				0146C49C1FC0BD3D00DEA332 /* Controllers */,
				01367BA51FAE8AD400F51F89 /* Managers */,
				01367C4D1FB3C29800F51F89 /* Protocols */,
				018D7A741FA2B6A400A6C81F /* Model */,
				010D073E1FA3B2B70013375F /* Helper Files */,
				018D7A701FA2B66A00A6C81F /* Resources */,
			);
			path = 12a.m.;
			sourceTree = "<group>";
		};
		018D7A6D1FA2B63200A6C81F /* Frameworks */ = {
			isa = PBXGroup;
			children = (
				018D7A6E1FA2B63200A6C81F /* CloudKit.framework */,
			);
			name = Frameworks;
			sourceTree = "<group>";
		};
		018D7A701FA2B66A00A6C81F /* Resources */ = {
			isa = PBXGroup;
			children = (
				01BFDECA1FC39A8000D94B87 /* Pocket_Calculator */,
				0156CE101FA2B268002791C1 /* AppDelegate.swift */,
				0156CE171FA2B268002791C1 /* Assets.xcassets */,
				0156CE1C1FA2B268002791C1 /* Info.plist */,
			);
			path = Resources;
			sourceTree = "<group>";
		};
		018D7A711FA2B67400A6C81F /* ViewControllers */ = {
			isa = PBXGroup;
			children = (
				016CAAA52000159B008420AC /* LaunchViewController.swift */,
				01367B9E1FAE6A8100F51F89 /* LogInViewController.swift */,
				01BFDEC81FC372D600D94B87 /* ProfileViewController.swift */,
				015221CF1FD9F81B00E9C5DB /* ProfileDetailTableViewController.swift */,
				01D7B7921FE0548100DCD159 /* ProfileDetail2TableViewController.swift */,
				01367BD41FB10F5500F51F89 /* FeedTableViewController.swift */,
				01367BD91FB1142E00F51F89 /* CommentTableViewController.swift */,
				016CAAAB20019EA0008420AC /* ProfileCommentTableViewController.swift */,
				01367BDD1FB1180E00F51F89 /* CameraViewController.swift */,
				01367BDF1FB1181A00F51F89 /* CameraPreviewViewController.swift */,
				0181AA561FCC814500166E21 /* AboutViewController.swift */,
			);
			path = ViewControllers;
			sourceTree = "<group>";
		};
		018D7A721FA2B68600A6C81F /* UI */ = {
			isa = PBXGroup;
			children = (
				0156CE231FA2B52C002791C1 /* Main.storyboard */,
				01EDC8E9201E64E30085D2BD /* Onboarding.storyboard */,
				0156CE191FA2B268002791C1 /* LaunchScreen.storyboard */,
				0181AA581FCC8A9400166E21 /* Terms.html */,
			);
			path = UI;
			sourceTree = "<group>";
		};
		018D7A731FA2B69000A6C81F /* Model Controllers */ = {
			isa = PBXGroup;
			children = (
				010D073C1FA3B1450013375F /* UserController.swift */,
				01367BA31FAE8AB400F51F89 /* PostController.swift */,
				019B2E7C20268F4A00C2BDB0 /* ReportController.swift */,
			);
			path = "Model Controllers";
			sourceTree = "<group>";
		};
		018D7A741FA2B6A400A6C81F /* Model */ = {
			isa = PBXGroup;
			children = (
				01FE0D0E1FA2BABC001C55EE /* User.swift */,
				01FE0D101FA2BB35001C55EE /* Post.swift */,
				01FE0D121FA2BB4C001C55EE /* Comment.swift */,
				012B46351FC647A200D31809 /* Location.swift */,
				019B2E7A20268EAE00C2BDB0 /* Report.swift */,
			);
			path = Model;
			sourceTree = "<group>";
		};
		01BFDECA1FC39A8000D94B87 /* Pocket_Calculator */ = {
			isa = PBXGroup;
			children = (
				01BFDECB1FC39A8000D94B87 /* POCKC___.TTF */,
			);
			path = Pocket_Calculator;
			sourceTree = "<group>";
		};
		01BFDECF1FC5F80400D94B87 /* Public */ = {
			isa = PBXGroup;
			children = (
				01BFDED01FC5F81A00D94B87 /* PublicMethods.swift */,
			);
			path = Public;
			sourceTree = "<group>";
		};
		01EDC8C0201C29230085D2BD /* PageController */ = {
			isa = PBXGroup;
			children = (
				01EDC8D9201E57130085D2BD /* Onboarding.swift */,
				01EDC8D3201E56570085D2BD /* FirstPageViewController.swift */,
				013E31FE2021762B004B725E /* SecondPageViewController.swift */,
				013E32002021764F004B725E /* ThridPageViewController.swift */,
				01EDC8E7201E5AFA0085D2BD /* PermissionViewController.swift */,
				01EDC8D1201CEA2C0085D2BD /* EulaAgreementViewController.swift */,
			);
			path = PageController;
			sourceTree = "<group>";
		};
		01EDC8DB201E57770085D2BD /* State */ = {
			isa = PBXGroup;
			children = (
				01EDC8DC201E57880085D2BD /* OnboardingState.swift */,
			);
			path = State;
			sourceTree = "<group>";
		};
		01EDC8DE201E58CA0085D2BD /* Infrastructure */ = {
			isa = PBXGroup;
			children = (
				01EDC8DF201E58DF0085D2BD /* SegueHandling.swift */,
				01EDC8E1201E59030085D2BD /* StoryboardInitializable.swift */,
			);
			path = Infrastructure;
			sourceTree = "<group>";
		};
/* End PBXGroup section */

/* Begin PBXNativeTarget section */
		0156CE0C1FA2B268002791C1 /* 12a.m. */ = {
			isa = PBXNativeTarget;
			buildConfigurationList = 0156CE1F1FA2B268002791C1 /* Build configuration list for PBXNativeTarget "12a.m." */;
			buildPhases = (
				0156CE091FA2B268002791C1 /* Sources */,
				0156CE0A1FA2B268002791C1 /* Frameworks */,
				0156CE0B1FA2B268002791C1 /* Resources */,
			);
			buildRules = (
			);
			dependencies = (
			);
			name = 12a.m.;
			productName = 12a.m.;
			productReference = 0156CE0D1FA2B268002791C1 /* 12a.m..app */;
			productType = "com.apple.product-type.application";
		};
/* End PBXNativeTarget section */

/* Begin PBXProject section */
		0156CE051FA2B268002791C1 /* Project object */ = {
			isa = PBXProject;
			attributes = {
				LastSwiftUpdateCheck = 0900;
				LastUpgradeCheck = 0900;
				ORGANIZATIONNAME = "Nick Reichard";
				TargetAttributes = {
					0156CE0C1FA2B268002791C1 = {
						CreatedOnToolsVersion = 9.0;
						ProvisioningStyle = Automatic;
						SystemCapabilities = {
							com.apple.Push = {
								enabled = 1;
							};
							com.apple.iCloud = {
								enabled = 1;
							};
						};
					};
				};
			};
			buildConfigurationList = 0156CE081FA2B268002791C1 /* Build configuration list for PBXProject "12a.m." */;
			compatibilityVersion = "Xcode 8.0";
			developmentRegion = en;
			hasScannedForEncodings = 0;
			knownRegions = (
				en,
				Base,
			);
			mainGroup = 0156CE041FA2B268002791C1;
			productRefGroup = 0156CE0E1FA2B268002791C1 /* Products */;
			projectDirPath = "";
			projectRoot = "";
			targets = (
				0156CE0C1FA2B268002791C1 /* 12a.m. */,
			);
		};
/* End PBXProject section */

/* Begin PBXResourcesBuildPhase section */
		0156CE0B1FA2B268002791C1 /* Resources */ = {
			isa = PBXResourcesBuildPhase;
			buildActionMask = 2147483647;
			files = (
				0156CE241FA2B52C002791C1 /* Main.storyboard in Resources */,
				01BFDECD1FC39A8200D94B87 /* POCKC___.TTF in Resources */,
				0156CE1B1FA2B268002791C1 /* LaunchScreen.storyboard in Resources */,
				01EDC8EA201E64E30085D2BD /* Onboarding.storyboard in Resources */,
				0156CE181FA2B268002791C1 /* Assets.xcassets in Resources */,
				0181AA591FCC8A9400166E21 /* Terms.html in Resources */,
			);
			runOnlyForDeploymentPostprocessing = 0;
		};
/* End PBXResourcesBuildPhase section */

/* Begin PBXSourcesBuildPhase section */
		0156CE091FA2B268002791C1 /* Sources */ = {
			isa = PBXSourcesBuildPhase;
			buildActionMask = 2147483647;
			files = (
				0146C49F1FC0BDC200DEA332 /* AlertExtension.swift in Sources */,
				01FE0D111FA2BB35001C55EE /* Post.swift in Sources */,
				01367BD71FB10FD100F51F89 /* FeedTableViewCell.swift in Sources */,
				01367BE01FB1181A00F51F89 /* CameraPreviewViewController.swift in Sources */,
				013E31FF2021762B004B725E /* SecondPageViewController.swift in Sources */,
				01367BA21FAE6D7A00F51F89 /* Theme.swift in Sources */,
				0144722D1FBA5C4400510AB3 /* DateFormatter.swift in Sources */,
				01D7B7931FE0548100DCD159 /* ProfileDetail2TableViewController.swift in Sources */,
				012B46361FC647A200D31809 /* Location.swift in Sources */,
				019B2E7B20268EAE00C2BDB0 /* Report.swift in Sources */,
				01BFDEC91FC372D600D94B87 /* ProfileViewController.swift in Sources */,
				01367BD51FB10F5500F51F89 /* FeedTableViewController.swift in Sources */,
				01BC3E001FBE1058001FFFDB /* IconTextField.swift in Sources */,
				01EDC8E0201E58DF0085D2BD /* SegueHandling.swift in Sources */,
				01367C4C1FB3C27E00F51F89 /* CloudKitSyncable.swift in Sources */,
				01367C4A1FB3869C00F51F89 /* TimerExtension.swift in Sources */,
				013E32012021764F004B725E /* ThridPageViewController.swift in Sources */,
				01EDC8D2201CEA2C0085D2BD /* EulaAgreementViewController.swift in Sources */,
				01EDC8E2201E59030085D2BD /* StoryboardInitializable.swift in Sources */,
				01367BDA1FB1142E00F51F89 /* CommentTableViewController.swift in Sources */,
				01FE0D0F1FA2BABC001C55EE /* User.swift in Sources */,
				01EDC8E8201E5AFA0085D2BD /* PermissionViewController.swift in Sources */,
				016CAAAC20019EA0008420AC /* ProfileCommentTableViewController.swift in Sources */,
				01EDC8D4201E56570085D2BD /* FirstPageViewController.swift in Sources */,
				01367BA71FAFA71100F51F89 /* Constatns.swift in Sources */,
				010D07401FA3B63F0013375F /* CloudKitManager.swift in Sources */,
				010D073D1FA3B1450013375F /* UserController.swift in Sources */,
				01EDC8DA201E57130085D2BD /* Onboarding.swift in Sources */,
				01367BA41FAE8AB400F51F89 /* PostController.swift in Sources */,
				016CAAA62000159C008420AC /* LaunchViewController.swift in Sources */,
				0149161B1FDEFEBF00580689 /* ProfileDetailCollectionViewCell.swift in Sources */,
				015221D01FD9F81B00E9C5DB /* ProfileDetailTableViewController.swift in Sources */,
				01367B9F1FAE6A8200F51F89 /* LogInViewController.swift in Sources */,
				011A54C11FBBF3FB00564902 /* CommentDelegate.swift in Sources */,
				019B2E7D20268F4A00C2BDB0 /* ReportController.swift in Sources */,
				01367C481FB3839100F51F89 /* TimeTracker.swift in Sources */,
				016CAAAE20019F1F008420AC /* ProfileCommentTableViewCell.swift in Sources */,
				012B46321FC641CA00D31809 /* LocationHelper.swift in Sources */,
				01367BDE1FB1180E00F51F89 /* CameraViewController.swift in Sources */,
				01367BDC1FB114A000F51F89 /* CommentTableViewCell.swift in Sources */,
				019B2E7920258A5B00C2BDB0 /* ImageTheme.swift in Sources */,
				01EDC8DD201E57880085D2BD /* OnboardingState.swift in Sources */,
				0156CE111FA2B268002791C1 /* AppDelegate.swift in Sources */,
				0181AA571FCC814500166E21 /* AboutViewController.swift in Sources */,
				01FE0D131FA2BB4C001C55EE /* Comment.swift in Sources */,
				01D7B7951FE054F700DCD159 /* ProfileDetail2CollectionViewCell.swift in Sources */,
				01BFDED11FC5F81A00D94B87 /* PublicMethods.swift in Sources */,
			);
			runOnlyForDeploymentPostprocessing = 0;
		};
/* End PBXSourcesBuildPhase section */

/* Begin PBXVariantGroup section */
		0156CE191FA2B268002791C1 /* LaunchScreen.storyboard */ = {
			isa = PBXVariantGroup;
			children = (
				0156CE1A1FA2B268002791C1 /* Base */,
			);
			name = LaunchScreen.storyboard;
			sourceTree = "<group>";
		};
/* End PBXVariantGroup section */

/* Begin XCBuildConfiguration section */
		0156CE1D1FA2B268002791C1 /* Debug */ = {
			isa = XCBuildConfiguration;
			buildSettings = {
				ALWAYS_SEARCH_USER_PATHS = NO;
				CLANG_ANALYZER_NONNULL = YES;
				CLANG_ANALYZER_NUMBER_OBJECT_CONVERSION = YES_AGGRESSIVE;
				CLANG_CXX_LANGUAGE_STANDARD = "gnu++14";
				CLANG_CXX_LIBRARY = "libc++";
				CLANG_ENABLE_MODULES = YES;
				CLANG_ENABLE_OBJC_ARC = YES;
				CLANG_WARN_BLOCK_CAPTURE_AUTORELEASING = YES;
				CLANG_WARN_BOOL_CONVERSION = YES;
				CLANG_WARN_COMMA = YES;
				CLANG_WARN_CONSTANT_CONVERSION = YES;
				CLANG_WARN_DIRECT_OBJC_ISA_USAGE = YES_ERROR;
				CLANG_WARN_DOCUMENTATION_COMMENTS = YES;
				CLANG_WARN_EMPTY_BODY = YES;
				CLANG_WARN_ENUM_CONVERSION = YES;
				CLANG_WARN_INFINITE_RECURSION = YES;
				CLANG_WARN_INT_CONVERSION = YES;
				CLANG_WARN_NON_LITERAL_NULL_CONVERSION = YES;
				CLANG_WARN_OBJC_LITERAL_CONVERSION = YES;
				CLANG_WARN_OBJC_ROOT_CLASS = YES_ERROR;
				CLANG_WARN_RANGE_LOOP_ANALYSIS = YES;
				CLANG_WARN_STRICT_PROTOTYPES = YES;
				CLANG_WARN_SUSPICIOUS_MOVE = YES;
				CLANG_WARN_UNGUARDED_AVAILABILITY = YES_AGGRESSIVE;
				CLANG_WARN_UNREACHABLE_CODE = YES;
				CLANG_WARN__DUPLICATE_METHOD_MATCH = YES;
				CODE_SIGN_IDENTITY = "Mac Developer: Nick Reichard (4Y95UCJ9FR)";
				CODE_SIGN_STYLE = Automatic;
				COPY_PHASE_STRIP = NO;
				DEBUG_INFORMATION_FORMAT = dwarf;
				DEVELOPMENT_TEAM = WAN4D79W79;
				ENABLE_STRICT_OBJC_MSGSEND = YES;
				ENABLE_TESTABILITY = YES;
				GCC_C_LANGUAGE_STANDARD = gnu11;
				GCC_DYNAMIC_NO_PIC = NO;
				GCC_NO_COMMON_BLOCKS = YES;
				GCC_OPTIMIZATION_LEVEL = 0;
				GCC_PREPROCESSOR_DEFINITIONS = (
					"DEBUG=1",
					"$(inherited)",
				);
				GCC_WARN_64_TO_32_BIT_CONVERSION = YES;
				GCC_WARN_ABOUT_RETURN_TYPE = YES_ERROR;
				GCC_WARN_UNDECLARED_SELECTOR = YES;
				GCC_WARN_UNINITIALIZED_AUTOS = YES_AGGRESSIVE;
				GCC_WARN_UNUSED_FUNCTION = YES;
				GCC_WARN_UNUSED_VARIABLE = YES;
				IPHONEOS_DEPLOYMENT_TARGET = 11.0;
				MTL_ENABLE_DEBUG_INFO = YES;
				ONLY_ACTIVE_ARCH = YES;
				PROVISIONING_PROFILE_SPECIFIER = "";
				SDKROOT = iphoneos;
				SWIFT_ACTIVE_COMPILATION_CONDITIONS = DEBUG;
				SWIFT_OPTIMIZATION_LEVEL = "-Onone";
			};
			name = Debug;
		};
		0156CE1E1FA2B268002791C1 /* Release */ = {
			isa = XCBuildConfiguration;
			buildSettings = {
				ALWAYS_SEARCH_USER_PATHS = NO;
				CLANG_ANALYZER_NONNULL = YES;
				CLANG_ANALYZER_NUMBER_OBJECT_CONVERSION = YES_AGGRESSIVE;
				CLANG_CXX_LANGUAGE_STANDARD = "gnu++14";
				CLANG_CXX_LIBRARY = "libc++";
				CLANG_ENABLE_MODULES = YES;
				CLANG_ENABLE_OBJC_ARC = YES;
				CLANG_WARN_BLOCK_CAPTURE_AUTORELEASING = YES;
				CLANG_WARN_BOOL_CONVERSION = YES;
				CLANG_WARN_COMMA = YES;
				CLANG_WARN_CONSTANT_CONVERSION = YES;
				CLANG_WARN_DIRECT_OBJC_ISA_USAGE = YES_ERROR;
				CLANG_WARN_DOCUMENTATION_COMMENTS = YES;
				CLANG_WARN_EMPTY_BODY = YES;
				CLANG_WARN_ENUM_CONVERSION = YES;
				CLANG_WARN_INFINITE_RECURSION = YES;
				CLANG_WARN_INT_CONVERSION = YES;
				CLANG_WARN_NON_LITERAL_NULL_CONVERSION = YES;
				CLANG_WARN_OBJC_LITERAL_CONVERSION = YES;
				CLANG_WARN_OBJC_ROOT_CLASS = YES_ERROR;
				CLANG_WARN_RANGE_LOOP_ANALYSIS = YES;
				CLANG_WARN_STRICT_PROTOTYPES = YES;
				CLANG_WARN_SUSPICIOUS_MOVE = YES;
				CLANG_WARN_UNGUARDED_AVAILABILITY = YES_AGGRESSIVE;
				CLANG_WARN_UNREACHABLE_CODE = YES;
				CLANG_WARN__DUPLICATE_METHOD_MATCH = YES;
				CODE_SIGN_IDENTITY = "Mac Developer: Nick Reichard (4Y95UCJ9FR)";
				CODE_SIGN_STYLE = Automatic;
				COPY_PHASE_STRIP = NO;
				DEBUG_INFORMATION_FORMAT = "dwarf-with-dsym";
				DEVELOPMENT_TEAM = WAN4D79W79;
				ENABLE_NS_ASSERTIONS = NO;
				ENABLE_STRICT_OBJC_MSGSEND = YES;
				GCC_C_LANGUAGE_STANDARD = gnu11;
				GCC_NO_COMMON_BLOCKS = YES;
				GCC_WARN_64_TO_32_BIT_CONVERSION = YES;
				GCC_WARN_ABOUT_RETURN_TYPE = YES_ERROR;
				GCC_WARN_UNDECLARED_SELECTOR = YES;
				GCC_WARN_UNINITIALIZED_AUTOS = YES_AGGRESSIVE;
				GCC_WARN_UNUSED_FUNCTION = YES;
				GCC_WARN_UNUSED_VARIABLE = YES;
				IPHONEOS_DEPLOYMENT_TARGET = 11.0;
				MTL_ENABLE_DEBUG_INFO = NO;
				PROVISIONING_PROFILE_SPECIFIER = "";
				SDKROOT = iphoneos;
				SWIFT_OPTIMIZATION_LEVEL = "-Owholemodule";
				VALIDATE_PRODUCT = YES;
			};
			name = Release;
		};
		0156CE201FA2B268002791C1 /* Debug */ = {
			isa = XCBuildConfiguration;
			buildSettings = {
				ASSETCATALOG_COMPILER_APPICON_NAME = AppIcon;
				CODE_SIGN_ENTITLEMENTS = 12a.m./12a.m..entitlements;
				CODE_SIGN_IDENTITY = "iPhone Developer";
				CODE_SIGN_STYLE = Automatic;
				DEVELOPMENT_TEAM = WAN4D79W79;
				INFOPLIST_FILE = "$(SRCROOT)/12a.m./Resources/Info.plist";
				LD_RUNPATH_SEARCH_PATHS = "$(inherited) @executable_path/Frameworks";
				PRODUCT_BUNDLE_IDENTIFIER = com.wesstpeak.12am.com;
				PRODUCT_NAME = "$(TARGET_NAME)";
				SWIFT_VERSION = 4.0;
				TARGETED_DEVICE_FAMILY = 1;
			};
			name = Debug;
		};
		0156CE211FA2B268002791C1 /* Release */ = {
			isa = XCBuildConfiguration;
			buildSettings = {
				ASSETCATALOG_COMPILER_APPICON_NAME = AppIcon;
				CODE_SIGN_ENTITLEMENTS = 12a.m./12a.m..entitlements;
				CODE_SIGN_IDENTITY = "iPhone Developer";
				CODE_SIGN_STYLE = Automatic;
				DEVELOPMENT_TEAM = WAN4D79W79;
				INFOPLIST_FILE = "$(SRCROOT)/12a.m./Resources/Info.plist";
				LD_RUNPATH_SEARCH_PATHS = "$(inherited) @executable_path/Frameworks";
				PRODUCT_BUNDLE_IDENTIFIER = com.wesstpeak.12am.com;
				PRODUCT_NAME = "$(TARGET_NAME)";
				SWIFT_VERSION = 4.0;
				TARGETED_DEVICE_FAMILY = 1;
			};
			name = Release;
		};
/* End XCBuildConfiguration section */

/* Begin XCConfigurationList section */
		0156CE081FA2B268002791C1 /* Build configuration list for PBXProject "12a.m." */ = {
			isa = XCConfigurationList;
			buildConfigurations = (
				0156CE1D1FA2B268002791C1 /* Debug */,
				0156CE1E1FA2B268002791C1 /* Release */,
			);
			defaultConfigurationIsVisible = 0;
			defaultConfigurationName = Release;
		};
		0156CE1F1FA2B268002791C1 /* Build configuration list for PBXNativeTarget "12a.m." */ = {
			isa = XCConfigurationList;
			buildConfigurations = (
				0156CE201FA2B268002791C1 /* Debug */,
				0156CE211FA2B268002791C1 /* Release */,
			);
			defaultConfigurationIsVisible = 0;
			defaultConfigurationName = Release;
		};
/* End XCConfigurationList section */
	};
	rootObject = 0156CE051FA2B268002791C1 /* Project object */;
}
